{
  "name": "bid-news",
  "lockfileVersion": 2,
  "requires": true,
  "packages": {
    "": {
      "dependencies": {
        "layui": "^2.8.0-rc.5",
        "monaco-editor": "^0.34.1"
      }
    },
    "node_modules/layui": {
      "version": "2.8.0-rc.5",
      "resolved": "https://registry.npmjs.org/layui/-/layui-2.8.0-rc.5.tgz",
      "integrity": "sha512-Y4CyRfUkc4YE0Es6phdN2HZNvaYKjewDQxPJWA3e1JgE3SJH4Rf1Jnvtg4wUCi/MTXel2YoKFJ+SqNkhmFLjNA=="
    },
    "node_modules/monaco-editor": {
      "version": "0.34.1",
      "resolved": "https://registry.npmjs.org/monaco-editor/-/monaco-editor-0.34.1.tgz",
      "integrity": "sha512-FKc80TyiMaruhJKKPz5SpJPIjL+dflGvz4CpuThaPMc94AyN7SeC9HQ8hrvaxX7EyHdJcUY5i4D0gNyJj1vSZQ=="
    }
  },
  "dependencies": {
    "layui": {
      "version": "2.8.0-rc.5",
      "resolved": "https://registry.npmjs.org/layui/-/layui-2.8.0-rc.5.tgz",
      "integrity": "sha512-Y4CyRfUkc4YE0Es6phdN2HZNvaYKjewDQxPJWA3e1JgE3SJH4Rf1Jnvtg4wUCi/MTXel2YoKFJ+SqNkhmFLjNA=="
    },
    "monaco-editor": {
      "version": "0.34.1",
      "resolved": "https://registry.npmjs.org/monaco-editor/-/monaco-editor-0.34.1.tgz",
      "integrity": "sha512-FKc80TyiMaruhJKKPz5SpJPIjL+dflGvz4CpuThaPMc94AyN7SeC9HQ8hrvaxX7EyHdJcUY5i4D0gNyJj1vSZQ=="
    }
  }
}
